
Microsoft Visual Studio Solution File, Format Version 12.00
# Visual Studio Version 17
VisualStudioVersion = 17.11.34909.67
MinimumVisualStudioVersion = 10.0.40219.1
Project("{9A19103F-16F7-4668-BE54-9A1E7A4F7556}") = "ArrayBasic", "ArrayBasic\ArrayBasic.csproj", "{3F616B98-E8B7-4B6F-8CEA-562982792EDC}"
EndProject
Project("{9A19103F-16F7-4668-BE54-9A1E7A4F7556}") = "ArrayStudent", "wpf\ArrayStudent.csproj", "{2EF95F25-B4EC-46D1-8A3D-95F3532ABFE9}"
EndProject
Project("{9A19103F-16F7-4668-BE54-9A1E7A4F7556}") = "StudentManagement", "StudentManagement\StudentManagement.csproj", "{6DB63E1D-633D-465B-AE26-2374FD9659F0}"
EndProject
Project("{FAE04EC0-301F-11D3-BF4B-00C04F79EFBC}") = "StudentManagerV2", "StudentManagerV2\StudentManagerV2.csproj", "{3D46DEC7-745F-41E4-89CD-DA9BF97031F6}"
EndProject
Project("{FAE04EC0-301F-11D3-BF4B-00C04F79EFBC}") = "StudentManagerV3Generic", "StudentManagerV3Generic\StudentManagerV3Generic.csproj", "{DCE5984B-97B8-4FEB-AF7E-71B3FA2F5C84}"
EndProject
Global
	GlobalSection(SolutionConfigurationPlatforms) = preSolution
		Debug|Any CPU = Debug|Any CPU
		Release|Any CPU = Release|Any CPU
	EndGlobalSection
	GlobalSection(ProjectConfigurationPlatforms) = postSolution
		{3F616B98-E8B7-4B6F-8CEA-562982792EDC}.Debug|Any CPU.ActiveCfg = Debug|Any CPU
		{3F616B98-E8B7-4B6F-8CEA-562982792EDC}.Debug|Any CPU.Build.0 = Debug|Any CPU
		{3F616B98-E8B7-4B6F-8CEA-562982792EDC}.Release|Any CPU.ActiveCfg = Release|Any CPU
		{3F616B98-E8B7-4B6F-8CEA-562982792EDC}.Release|Any CPU.Build.0 = Release|Any CPU
		{2EF95F25-B4EC-46D1-8A3D-95F3532ABFE9}.Debug|Any CPU.ActiveCfg = Debug|Any CPU
		{2EF95F25-B4EC-46D1-8A3D-95F3532ABFE9}.Debug|Any CPU.Build.0 = Debug|Any CPU
		{2EF95F25-B4EC-46D1-8A3D-95F3532ABFE9}.Release|Any CPU.ActiveCfg = Release|Any CPU
		{2EF95F25-B4EC-46D1-8A3D-95F3532ABFE9}.Release|Any CPU.Build.0 = Release|Any CPU
		{6DB63E1D-633D-465B-AE26-2374FD9659F0}.Debug|Any CPU.ActiveCfg = Debug|Any CPU
		{6DB63E1D-633D-465B-AE26-2374FD9659F0}.Debug|Any CPU.Build.0 = Debug|Any CPU
		{6DB63E1D-633D-465B-AE26-2374FD9659F0}.Release|Any CPU.ActiveCfg = Release|Any CPU
		{6DB63E1D-633D-465B-AE26-2374FD9659F0}.Release|Any CPU.Build.0 = Release|Any CPU
		{3D46DEC7-745F-41E4-89CD-DA9BF97031F6}.Debug|Any CPU.ActiveCfg = Debug|Any CPU
		{3D46DEC7-745F-41E4-89CD-DA9BF97031F6}.Debug|Any CPU.Build.0 = Debug|Any CPU
		{3D46DEC7-745F-41E4-89CD-DA9BF97031F6}.Release|Any CPU.ActiveCfg = Release|Any CPU
		{3D46DEC7-745F-41E4-89CD-DA9BF97031F6}.Release|Any CPU.Build.0 = Release|Any CPU
		{DCE5984B-97B8-4FEB-AF7E-71B3FA2F5C84}.Debug|Any CPU.ActiveCfg = Debug|Any CPU
		{DCE5984B-97B8-4FEB-AF7E-71B3FA2F5C84}.Debug|Any CPU.Build.0 = Debug|Any CPU
		{DCE5984B-97B8-4FEB-AF7E-71B3FA2F5C84}.Release|Any CPU.ActiveCfg = Release|Any CPU
		{DCE5984B-97B8-4FEB-AF7E-71B3FA2F5C84}.Release|Any CPU.Build.0 = Release|Any CPU
	EndGlobalSection
	GlobalSection(SolutionProperties) = preSolution
		HideSolutionNode = FALSE
	EndGlobalSection
	GlobalSection(ExtensibilityGlobals) = postSolution
		SolutionGuid = {F329515E-93D9-4191-B935-59E332048829}
	EndGlobalSection
EndGlobal
