
Microsoft Visual Studio Solution File, Format Version 12.00
# Visual Studio Version 17
VisualStudioVersion = 17.10.34902.84
MinimumVisualStudioVersion = 10.0.40219.1
Project("{9A19103F-16F7-4668-BE54-9A1E7A4F7556}") = "WinFormsApp1_1805", "WinFormsApp1_1805\WinFormsApp1_1805.csproj", "{C0C88042-578F-41F8-B49E-7803BB493B66}"
EndProject
Project("{FAE04EC0-301F-11D3-BF4B-00C04F79EFBC}") = "Repository", "Repository\Repository.csproj", "{7EE1FE73-213B-4B5F-89F0-FF2F71EF2667}"
EndProject
Global
	GlobalSection(SolutionConfigurationPlatforms) = preSolution
		Debug|Any CPU = Debug|Any CPU
		Release|Any CPU = Release|Any CPU
	EndGlobalSection
	GlobalSection(ProjectConfigurationPlatforms) = postSolution
		{C0C88042-578F-41F8-B49E-7803BB493B66}.Debug|Any CPU.ActiveCfg = Debug|Any CPU
		{C0C88042-578F-41F8-B49E-7803BB493B66}.Debug|Any CPU.Build.0 = Debug|Any CPU
		{C0C88042-578F-41F8-B49E-7803BB493B66}.Release|Any CPU.ActiveCfg = Release|Any CPU
		{C0C88042-578F-41F8-B49E-7803BB493B66}.Release|Any CPU.Build.0 = Release|Any CPU
		{7EE1FE73-213B-4B5F-89F0-FF2F71EF2667}.Debug|Any CPU.ActiveCfg = Debug|Any CPU
		{7EE1FE73-213B-4B5F-89F0-FF2F71EF2667}.Debug|Any CPU.Build.0 = Debug|Any CPU
		{7EE1FE73-213B-4B5F-89F0-FF2F71EF2667}.Release|Any CPU.ActiveCfg = Release|Any CPU
		{7EE1FE73-213B-4B5F-89F0-FF2F71EF2667}.Release|Any CPU.Build.0 = Release|Any CPU
	EndGlobalSection
	GlobalSection(SolutionProperties) = preSolution
		HideSolutionNode = FALSE
	EndGlobalSection
	GlobalSection(ExtensibilityGlobals) = postSolution
		SolutionGuid = {30C37195-D413-440A-A06B-BD90FE67317F}
	EndGlobalSection
EndGlobal
