
Microsoft Visual Studio Solution File, Format Version 12.00
# Visual Studio Version 17
VisualStudioVersion = 17.11.34909.67
MinimumVisualStudioVersion = 10.0.40219.1
Project("{9A19103F-16F7-4668-BE54-9A1E7A4F7556}") = "AirConditionerShop_BuiManhCuong", "AirConditionerShop_BuiManhCuong\AirConditionerShop_BuiManhCuong.csproj", "{BE11C63E-992C-42CA-A194-C394A458091A}"
EndProject
Project("{FAE04EC0-301F-11D3-BF4B-00C04F79EFBC}") = "repository", "repository\repository.csproj", "{6D44E23D-7F52-4E01-ADB2-FC8F8EC94C80}"
EndProject
Global
	GlobalSection(SolutionConfigurationPlatforms) = preSolution
		Debug|Any CPU = Debug|Any CPU
		Release|Any CPU = Release|Any CPU
	EndGlobalSection
	GlobalSection(ProjectConfigurationPlatforms) = postSolution
		{BE11C63E-992C-42CA-A194-C394A458091A}.Debug|Any CPU.ActiveCfg = Debug|Any CPU
		{BE11C63E-992C-42CA-A194-C394A458091A}.Debug|Any CPU.Build.0 = Debug|Any CPU
		{BE11C63E-992C-42CA-A194-C394A458091A}.Release|Any CPU.ActiveCfg = Release|Any CPU
		{BE11C63E-992C-42CA-A194-C394A458091A}.Release|Any CPU.Build.0 = Release|Any CPU
		{6D44E23D-7F52-4E01-ADB2-FC8F8EC94C80}.Debug|Any CPU.ActiveCfg = Debug|Any CPU
		{6D44E23D-7F52-4E01-ADB2-FC8F8EC94C80}.Debug|Any CPU.Build.0 = Debug|Any CPU
		{6D44E23D-7F52-4E01-ADB2-FC8F8EC94C80}.Release|Any CPU.ActiveCfg = Release|Any CPU
		{6D44E23D-7F52-4E01-ADB2-FC8F8EC94C80}.Release|Any CPU.Build.0 = Release|Any CPU
	EndGlobalSection
	GlobalSection(SolutionProperties) = preSolution
		HideSolutionNode = FALSE
	EndGlobalSection
	GlobalSection(ExtensibilityGlobals) = postSolution
		SolutionGuid = {3C2CFE55-BBF1-4DA3-8EE7-0BD4C932D21F}
	EndGlobalSection
EndGlobal
